{
  "requires": true,
  "lockfileVersion": 1,
  "dependencies": {
    "vue-cli-plugin-quasar": {
      "version": "3.0.1",
      "resolved": "https://registry.npmjs.org/vue-cli-plugin-quasar/-/vue-cli-plugin-quasar-3.0.1.tgz",
      "integrity": "sha512-D+0TecjLDhp1IzGh6foHml8C+ICwofei8wpAbvObhjeE93HZXJsDHtWV9iiHKD0Um2jI8gZp9gUO621i4zOSyw==",
      "dev": true
    }
  }
}
